// !$*UTF8*$!
{
	archiveVersion = 1;
	classes = {
	};
	objectVersion = 46;
	objects = {

/* Begin PBXBuildFile section */
		820ABEF01A84406E0022192F /* NearMeViewController.m in Sources */ = {isa = PBXBuildFile; fileRef = 820ABEEF1A84406E0022192F /* NearMeViewController.m */; };
		820ABEF81A84475B0022192F /* AVFoundation.framework in Frameworks */ = {isa = PBXBuildFile; fileRef = 820ABEF71A84475B0022192F /* AVFoundation.framework */; };
		820ABEFA1A84476A0022192F /* CoreData.framework in Frameworks */ = {isa = PBXBuildFile; fileRef = 820ABEF91A84476A0022192F /* CoreData.framework */; };
		820ABEFC1A8447770022192F /* CoreText.framework in Frameworks */ = {isa = PBXBuildFile; fileRef = 820ABEFB1A8447770022192F /* CoreText.framework */; };
		820ABEFE1A8447860022192F /* GLKit.framework in Frameworks */ = {isa = PBXBuildFile; fileRef = 820ABEFD1A8447860022192F /* GLKit.framework */; };
		820ABF001A8447920022192F /* ImageIO.framework in Frameworks */ = {isa = PBXBuildFile; fileRef = 820ABEFF1A8447920022192F /* ImageIO.framework */; };
		820ABF021A8447AB0022192F /* libc++.dylib in Frameworks */ = {isa = PBXBuildFile; fileRef = 820ABF011A8447AB0022192F /* libc++.dylib */; };
		820ABF041A8447C90022192F /* libicucore.dylib in Frameworks */ = {isa = PBXBuildFile; fileRef = 820ABF031A8447C90022192F /* libicucore.dylib */; };
		820ABF061A8447DD0022192F /* libz.dylib in Frameworks */ = {isa = PBXBuildFile; fileRef = 820ABF051A8447DD0022192F /* libz.dylib */; };
		820ABF081A8447E60022192F /* OpenGLES.framework in Frameworks */ = {isa = PBXBuildFile; fileRef = 820ABF071A8447E60022192F /* OpenGLES.framework */; };
		820ABF0A1A8447F50022192F /* QuartzCore.framework in Frameworks */ = {isa = PBXBuildFile; fileRef = 820ABF091A8447F50022192F /* QuartzCore.framework */; };
		820ABF0C1A8448030022192F /* SystemConfiguration.framework in Frameworks */ = {isa = PBXBuildFile; fileRef = 820ABF0B1A8448030022192F /* SystemConfiguration.framework */; };
		826D03551A881CBC0051189B /* SearchViewController.m in Sources */ = {isa = PBXBuildFile; fileRef = 826D03541A881CBC0051189B /* SearchViewController.m */; };
		8285AE851A7C4B97004858FD /* BarDetailsViewController.m in Sources */ = {isa = PBXBuildFile; fileRef = 828FE61D1A761B7200D2466D /* BarDetailsViewController.m */; };
		8285AE8F1A7C69D4004858FD /* BarDetailHeaderViewCell.m in Sources */ = {isa = PBXBuildFile; fileRef = 8285AE8E1A7C69D4004858FD /* BarDetailHeaderViewCell.m */; };
		8285AE911A7C69FC004858FD /* BarDetailHeaderViewCell.xib in Resources */ = {isa = PBXBuildFile; fileRef = 8285AE901A7C69FC004858FD /* BarDetailHeaderViewCell.xib */; };
		828FE6181A761A8B00D2466D /* BrowseViewController.m in Sources */ = {isa = PBXBuildFile; fileRef = 828FE6151A761A8B00D2466D /* BrowseViewController.m */; };
		828FE61C1A761AB200D2466D /* SettingsViewController.m in Sources */ = {isa = PBXBuildFile; fileRef = 828FE61B1A761AB200D2466D /* SettingsViewController.m */; };
		8291A6CA1A7DC0D00060D3FB /* Settings.json in Resources */ = {isa = PBXBuildFile; fileRef = 8291A6C91A7DC0D00060D3FB /* Settings.json */; };
		8291A6CD1A7DC4510060D3FB /* Main.storyboard in Resources */ = {isa = PBXBuildFile; fileRef = 8291A6CB1A7DC4510060D3FB /* Main.storyboard */; };
		82A5C7831A63125C00D55A54 /* main.m in Sources */ = {isa = PBXBuildFile; fileRef = 82A5C7821A63125C00D55A54 /* main.m */; };
		82A5C7861A63125C00D55A54 /* AppDelegate.m in Sources */ = {isa = PBXBuildFile; fileRef = 82A5C7851A63125C00D55A54 /* AppDelegate.m */; };
		82A5C79D1A63125C00D55A54 /* SFBarsTests.m in Sources */ = {isa = PBXBuildFile; fileRef = 82A5C79C1A63125C00D55A54 /* SFBarsTests.m */; };
		82A5C7C51A631FD500D55A54 /* ConnectionHelper.m in Sources */ = {isa = PBXBuildFile; fileRef = 82A5C7C41A631FD500D55A54 /* ConnectionHelper.m */; };
		82A5C7CE1A63250400D55A54 /* LaunchScreen.xib in Resources */ = {isa = PBXBuildFile; fileRef = 82A5C7CC1A63250400D55A54 /* LaunchScreen.xib */; };
		82A5C7D31A63260B00D55A54 /* BarTableViewCell.m in Sources */ = {isa = PBXBuildFile; fileRef = 82A5C7D01A63260B00D55A54 /* BarTableViewCell.m */; };
		82A5C7D41A63260B00D55A54 /* StreetTableViewCell.m in Sources */ = {isa = PBXBuildFile; fileRef = 82A5C7D21A63260B00D55A54 /* StreetTableViewCell.m */; };
		82A5C7E11A63263400D55A54 /* BarWebViewController.m in Sources */ = {isa = PBXBuildFile; fileRef = 82A5C7D61A63263400D55A54 /* BarWebViewController.m */; };
		82A5C7EB1A63266100D55A54 /* Bar.m in Sources */ = {isa = PBXBuildFile; fileRef = 82A5C7E81A63266100D55A54 /* Bar.m */; };
		82A5C7F51A632A1100D55A54 /* MapKit.framework in Frameworks */ = {isa = PBXBuildFile; fileRef = 82A5C7F41A632A1100D55A54 /* MapKit.framework */; };
		82A5C7F71A632A1600D55A54 /* iAd.framework in Frameworks */ = {isa = PBXBuildFile; fileRef = 82A5C7F61A632A1600D55A54 /* iAd.framework */; };
		82A5C7F81A632A5400D55A54 /* NavigationViewController.m in Sources */ = {isa = PBXBuildFile; fileRef = 82A5C7DA1A63263400D55A54 /* NavigationViewController.m */; };
		82A5C8011A632B9800D55A54 /* Dashicons.ttf in Resources */ = {isa = PBXBuildFile; fileRef = 82A5C7FA1A632B9800D55A54 /* Dashicons.ttf */; };
		82A5C8021A632B9800D55A54 /* DroidSans-Bold.ttf in Resources */ = {isa = PBXBuildFile; fileRef = 82A5C7FB1A632B9800D55A54 /* DroidSans-Bold.ttf */; };
		82A5C8031A632B9800D55A54 /* DroidSans.ttf in Resources */ = {isa = PBXBuildFile; fileRef = 82A5C7FC1A632B9800D55A54 /* DroidSans.ttf */; };
		82A5C8041A632B9800D55A54 /* FontAwesome.ttf in Resources */ = {isa = PBXBuildFile; fileRef = 82A5C7FD1A632B9800D55A54 /* FontAwesome.ttf */; };
		82A5C8091A632BD900D55A54 /* LaunchImage-568h@2x.png in Resources */ = {isa = PBXBuildFile; fileRef = 82A5C8081A632BD900D55A54 /* LaunchImage-568h@2x.png */; };
		82B828F61A85FE5700F90A33 /* glyphicons-halflings-regular.ttf in Resources */ = {isa = PBXBuildFile; fileRef = 820ABF151A847AF20022192F /* glyphicons-halflings-regular.ttf */; };
		82BA4C141A70830100E71F40 /* ImageDownloader.m in Sources */ = {isa = PBXBuildFile; fileRef = 82BA4C131A70830100E71F40 /* ImageDownloader.m */; };
		82BA4C171A70838500E71F40 /* BaseEntity.m in Sources */ = {isa = PBXBuildFile; fileRef = 82BA4C161A70838500E71F40 /* BaseEntity.m */; };
		82BA4C1A1A70CD8E00E71F40 /* Images.xcassets in Resources */ = {isa = PBXBuildFile; fileRef = 82BA4C191A70CD8E00E71F40 /* Images.xcassets */; };
		82BB5FF01A649E55002F5578 /* BarType.m in Sources */ = {isa = PBXBuildFile; fileRef = 82BB5FEF1A649E55002F5578 /* BarType.m */; };
		82BB60081A64D763002F5578 /* BarViewController.m in Sources */ = {isa = PBXBuildFile; fileRef = 82BB60071A64D763002F5578 /* BarViewController.m */; };
		82BF8A1D1A7481BE00237060 /* MessageUI.framework in Frameworks */ = {isa = PBXBuildFile; fileRef = 82BF8A1C1A7481BE00237060 /* MessageUI.framework */; };
		82BF8A211A74978C00237060 /* CoreLocation.framework in Frameworks */ = {isa = PBXBuildFile; fileRef = 82BF8A201A74978C00237060 /* CoreLocation.framework */; };
		82C705FB1A75BCAC0045F973 /* MenuViewController.m in Sources */ = {isa = PBXBuildFile; fileRef = 82C705FA1A75BCAC0045F973 /* MenuViewController.m */; };
		82CF532E1A7C2E800087F0F5 /* TopListViewController.m in Sources */ = {isa = PBXBuildFile; fileRef = 82CF532D1A7C2E800087F0F5 /* TopListViewController.m */; };
		82CF53311A7C2E9B0087F0F5 /* PartiesViewController.m in Sources */ = {isa = PBXBuildFile; fileRef = 82CF53301A7C2E9B0087F0F5 /* PartiesViewController.m */; };
		82D43C401A95687300B4196C /* MusicType.m in Sources */ = {isa = PBXBuildFile; fileRef = 82D43C3F1A95687300B4196C /* MusicType.m */; };
		82D43C421A956FBB00B4196C /* MenuItems.json in Resources */ = {isa = PBXBuildFile; fileRef = 82D43C411A956FBB00B4196C /* MenuItems.json */; };
		82D43C441A956FC700B4196C /* BarDetailItems.json in Resources */ = {isa = PBXBuildFile; fileRef = 82D43C431A956FC700B4196C /* BarDetailItems.json */; };
		82D43C4C1A95718700B4196C /* MenuItem.m in Sources */ = {isa = PBXBuildFile; fileRef = 82D43C4B1A95718700B4196C /* MenuItem.m */; };
		82D43C4E1A95722300B4196C /* MusicTypes.json in Resources */ = {isa = PBXBuildFile; fileRef = 82D43C4D1A95722300B4196C /* MusicTypes.json */; };
		82D43C511A95726C00B4196C /* BarDetailItem.m in Sources */ = {isa = PBXBuildFile; fileRef = 82D43C501A95726C00B4196C /* BarDetailItem.m */; };
		82D43C531A95739200B4196C /* Districts.json in Resources */ = {isa = PBXBuildFile; fileRef = 82D43C521A95739200B4196C /* Districts.json */; };
		82D43C551A958CAC00B4196C /* BarTypes.json in Resources */ = {isa = PBXBuildFile; fileRef = 82D43C541A958CAC00B4196C /* BarTypes.json */; };
		82D6680E1A86DBB4004B19DB /* BaseViewController.m in Sources */ = {isa = PBXBuildFile; fileRef = 82D6680D1A86DBB4004B19DB /* BaseViewController.m */; };
		82D668161A86E133004B19DB /* GoogleMaps.bundle in Resources */ = {isa = PBXBuildFile; fileRef = 82D668151A86E133004B19DB /* GoogleMaps.bundle */; };
		82E8E1931A8DAC620042F2C4 /* GoogleMaps.framework in Frameworks */ = {isa = PBXBuildFile; fileRef = 82D668131A86E0E7004B19DB /* GoogleMaps.framework */; };
		82E917371A79B4D7002D610E /* District.m in Sources */ = {isa = PBXBuildFile; fileRef = 82E917361A79B4D7002D610E /* District.m */; };
		82E93AAD1A81676A0034F9D6 /* MusicViewController.m in Sources */ = {isa = PBXBuildFile; fileRef = 82E93AAC1A81676A0034F9D6 /* MusicViewController.m */; };
		82E93AB31A816D830034F9D6 /* Parties.json in Resources */ = {isa = PBXBuildFile; fileRef = 82E93AB21A816D830034F9D6 /* Parties.json */; };
/* End PBXBuildFile section */

/* Begin PBXContainerItemProxy section */
		82A5C7971A63125C00D55A54 /* PBXContainerItemProxy */ = {
			isa = PBXContainerItemProxy;
			containerPortal = 82A5C7751A63125C00D55A54 /* Project object */;
			proxyType = 1;
			remoteGlobalIDString = 82A5C77C1A63125C00D55A54;
			remoteInfo = SFBars;
		};
/* End PBXContainerItemProxy section */

/* Begin PBXFileReference section */
		820ABEEE1A84406E0022192F /* NearMeViewController.h */ = {isa = PBXFileReference; fileEncoding = 4; lastKnownFileType = sourcecode.c.h; name = NearMeViewController.h; path = SFBars/Controllers/NearMeViewController.h; sourceTree = "<group>"; };
		820ABEEF1A84406E0022192F /* NearMeViewController.m */ = {isa = PBXFileReference; fileEncoding = 4; lastKnownFileType = sourcecode.c.objc; name = NearMeViewController.m; path = SFBars/Controllers/NearMeViewController.m; sourceTree = "<group>"; };
		820ABEF71A84475B0022192F /* AVFoundation.framework */ = {isa = PBXFileReference; lastKnownFileType = wrapper.framework; name = AVFoundation.framework; path = System/Library/Frameworks/AVFoundation.framework; sourceTree = SDKROOT; };
		820ABEF91A84476A0022192F /* CoreData.framework */ = {isa = PBXFileReference; lastKnownFileType = wrapper.framework; name = CoreData.framework; path = System/Library/Frameworks/CoreData.framework; sourceTree = SDKROOT; };
		820ABEFB1A8447770022192F /* CoreText.framework */ = {isa = PBXFileReference; lastKnownFileType = wrapper.framework; name = CoreText.framework; path = System/Library/Frameworks/CoreText.framework; sourceTree = SDKROOT; };
		820ABEFD1A8447860022192F /* GLKit.framework */ = {isa = PBXFileReference; lastKnownFileType = wrapper.framework; name = GLKit.framework; path = System/Library/Frameworks/GLKit.framework; sourceTree = SDKROOT; };
		820ABEFF1A8447920022192F /* ImageIO.framework */ = {isa = PBXFileReference; lastKnownFileType = wrapper.framework; name = ImageIO.framework; path = System/Library/Frameworks/ImageIO.framework; sourceTree = SDKROOT; };
		820ABF011A8447AB0022192F /* libc++.dylib */ = {isa = PBXFileReference; lastKnownFileType = "compiled.mach-o.dylib"; name = "libc++.dylib"; path = "usr/lib/libc++.dylib"; sourceTree = SDKROOT; };
		820ABF031A8447C90022192F /* libicucore.dylib */ = {isa = PBXFileReference; lastKnownFileType = "compiled.mach-o.dylib"; name = libicucore.dylib; path = usr/lib/libicucore.dylib; sourceTree = SDKROOT; };
		820ABF051A8447DD0022192F /* libz.dylib */ = {isa = PBXFileReference; lastKnownFileType = "compiled.mach-o.dylib"; name = libz.dylib; path = usr/lib/libz.dylib; sourceTree = SDKROOT; };
		820ABF071A8447E60022192F /* OpenGLES.framework */ = {isa = PBXFileReference; lastKnownFileType = wrapper.framework; name = OpenGLES.framework; path = System/Library/Frameworks/OpenGLES.framework; sourceTree = SDKROOT; };
		820ABF091A8447F50022192F /* QuartzCore.framework */ = {isa = PBXFileReference; lastKnownFileType = wrapper.framework; name = QuartzCore.framework; path = System/Library/Frameworks/QuartzCore.framework; sourceTree = SDKROOT; };
		820ABF0B1A8448030022192F /* SystemConfiguration.framework */ = {isa = PBXFileReference; lastKnownFileType = wrapper.framework; name = SystemConfiguration.framework; path = System/Library/Frameworks/SystemConfiguration.framework; sourceTree = SDKROOT; };
		820ABF151A847AF20022192F /* glyphicons-halflings-regular.ttf */ = {isa = PBXFileReference; lastKnownFileType = file; name = "glyphicons-halflings-regular.ttf"; path = "SFBars/Resources/Fonts/glyphicons-halflings-regular.ttf"; sourceTree = "<group>"; };
		826D03531A881CBC0051189B /* SearchViewController.h */ = {isa = PBXFileReference; fileEncoding = 4; lastKnownFileType = sourcecode.c.h; name = SearchViewController.h; path = SFBars/Controllers/SearchViewController.h; sourceTree = "<group>"; };
		826D03541A881CBC0051189B /* SearchViewController.m */ = {isa = PBXFileReference; fileEncoding = 4; lastKnownFileType = sourcecode.c.objc; name = SearchViewController.m; path = SFBars/Controllers/SearchViewController.m; sourceTree = "<group>"; };
		8285AE8D1A7C69D4004858FD /* BarDetailHeaderViewCell.h */ = {isa = PBXFileReference; fileEncoding = 4; lastKnownFileType = sourcecode.c.h; name = BarDetailHeaderViewCell.h; path = Controls/BarDetailHeaderViewCell.h; sourceTree = "<group>"; };
		8285AE8E1A7C69D4004858FD /* BarDetailHeaderViewCell.m */ = {isa = PBXFileReference; fileEncoding = 4; lastKnownFileType = sourcecode.c.objc; name = BarDetailHeaderViewCell.m; path = Controls/BarDetailHeaderViewCell.m; sourceTree = "<group>"; };
		8285AE901A7C69FC004858FD /* BarDetailHeaderViewCell.xib */ = {isa = PBXFileReference; fileEncoding = 4; lastKnownFileType = file.xib; name = BarDetailHeaderViewCell.xib; path = Controls/BarDetailHeaderViewCell.xib; sourceTree = "<group>"; };
		828FE6141A761A8B00D2466D /* BrowseViewController.h */ = {isa = PBXFileReference; fileEncoding = 4; lastKnownFileType = sourcecode.c.h; name = BrowseViewController.h; path = SFBars/Controllers/BrowseViewController.h; sourceTree = "<group>"; };
		828FE6151A761A8B00D2466D /* BrowseViewController.m */ = {isa = PBXFileReference; fileEncoding = 4; lastKnownFileType = sourcecode.c.objc; name = BrowseViewController.m; path = SFBars/Controllers/BrowseViewController.m; sourceTree = "<group>"; };
		828FE61A1A761AB200D2466D /* SettingsViewController.h */ = {isa = PBXFileReference; fileEncoding = 4; lastKnownFileType = sourcecode.c.h; name = SettingsViewController.h; path = SFBars/Controllers/SettingsViewController.h; sourceTree = "<group>"; };
		828FE61B1A761AB200D2466D /* SettingsViewController.m */ = {isa = PBXFileReference; fileEncoding = 4; lastKnownFileType = sourcecode.c.objc; name = SettingsViewController.m; path = SFBars/Controllers/SettingsViewController.m; sourceTree = "<group>"; };
		828FE61D1A761B7200D2466D /* BarDetailsViewController.m */ = {isa = PBXFileReference; fileEncoding = 4; lastKnownFileType = sourcecode.c.objc; name = BarDetailsViewController.m; path = SFBars/Controllers/BarDetailsViewController.m; sourceTree = "<group>"; };
		8291A6C91A7DC0D00060D3FB /* Settings.json */ = {isa = PBXFileReference; fileEncoding = 4; lastKnownFileType = text.json; name = Settings.json; path = SFBars/Resources/Settings.json; sourceTree = "<group>"; };
		8291A6CC1A7DC4510060D3FB /* Base */ = {isa = PBXFileReference; lastKnownFileType = file.storyboard; name = Base; path = SFBars/Base.lproj/Main.storyboard; sourceTree = "<group>"; };
		82A5C77D1A63125C00D55A54 /* SFBars.app */ = {isa = PBXFileReference; explicitFileType = wrapper.application; includeInIndex = 0; path = SFBars.app; sourceTree = BUILT_PRODUCTS_DIR; };
		82A5C7811A63125C00D55A54 /* Info.plist */ = {isa = PBXFileReference; lastKnownFileType = text.plist.xml; path = Info.plist; sourceTree = "<group>"; };
		82A5C7821A63125C00D55A54 /* main.m */ = {isa = PBXFileReference; lastKnownFileType = sourcecode.c.objc; path = main.m; sourceTree = "<group>"; };
		82A5C7841A63125C00D55A54 /* AppDelegate.h */ = {isa = PBXFileReference; lastKnownFileType = sourcecode.c.h; path = AppDelegate.h; sourceTree = "<group>"; };
		82A5C7851A63125C00D55A54 /* AppDelegate.m */ = {isa = PBXFileReference; lastKnownFileType = sourcecode.c.objc; path = AppDelegate.m; sourceTree = "<group>"; };
		82A5C7961A63125C00D55A54 /* SFBarsTests.xctest */ = {isa = PBXFileReference; explicitFileType = wrapper.cfbundle; includeInIndex = 0; path = SFBarsTests.xctest; sourceTree = BUILT_PRODUCTS_DIR; };
		82A5C79B1A63125C00D55A54 /* Info.plist */ = {isa = PBXFileReference; lastKnownFileType = text.plist.xml; path = Info.plist; sourceTree = "<group>"; };
		82A5C79C1A63125C00D55A54 /* SFBarsTests.m */ = {isa = PBXFileReference; lastKnownFileType = sourcecode.c.objc; path = SFBarsTests.m; sourceTree = "<group>"; };
		82A5C7C31A631FD500D55A54 /* ConnectionHelper.h */ = {isa = PBXFileReference; fileEncoding = 4; lastKnownFileType = sourcecode.c.h; name = ConnectionHelper.h; path = Common/ConnectionHelper.h; sourceTree = "<group>"; };
		82A5C7C41A631FD500D55A54 /* ConnectionHelper.m */ = {isa = PBXFileReference; fileEncoding = 4; lastKnownFileType = sourcecode.c.objc; name = ConnectionHelper.m; path = Common/ConnectionHelper.m; sourceTree = "<group>"; };
		82A5C7CD1A63250400D55A54 /* Base */ = {isa = PBXFileReference; lastKnownFileType = file.xib; name = Base; path = Base.lproj/LaunchScreen.xib; sourceTree = "<group>"; };
		82A5C7CF1A63260B00D55A54 /* BarTableViewCell.h */ = {isa = PBXFileReference; fileEncoding = 4; lastKnownFileType = sourcecode.c.h; name = BarTableViewCell.h; path = Controls/BarTableViewCell.h; sourceTree = "<group>"; };
		82A5C7D01A63260B00D55A54 /* BarTableViewCell.m */ = {isa = PBXFileReference; fileEncoding = 4; lastKnownFileType = sourcecode.c.objc; name = BarTableViewCell.m; path = Controls/BarTableViewCell.m; sourceTree = "<group>"; };
		82A5C7D11A63260B00D55A54 /* StreetTableViewCell.h */ = {isa = PBXFileReference; fileEncoding = 4; lastKnownFileType = sourcecode.c.h; name = StreetTableViewCell.h; path = Controls/StreetTableViewCell.h; sourceTree = "<group>"; };
		82A5C7D21A63260B00D55A54 /* StreetTableViewCell.m */ = {isa = PBXFileReference; fileEncoding = 4; lastKnownFileType = sourcecode.c.objc; name = StreetTableViewCell.m; path = Controls/StreetTableViewCell.m; sourceTree = "<group>"; };
		82A5C7D51A63263400D55A54 /* BarWebViewController.h */ = {isa = PBXFileReference; fileEncoding = 4; lastKnownFileType = sourcecode.c.h; name = BarWebViewController.h; path = SFBars/Controllers/BarWebViewController.h; sourceTree = "<group>"; };
		82A5C7D61A63263400D55A54 /* BarWebViewController.m */ = {isa = PBXFileReference; fileEncoding = 4; lastKnownFileType = sourcecode.c.objc; name = BarWebViewController.m; path = SFBars/Controllers/BarWebViewController.m; sourceTree = "<group>"; };
		82A5C7D91A63263400D55A54 /* NavigationViewController.h */ = {isa = PBXFileReference; fileEncoding = 4; lastKnownFileType = sourcecode.c.h; name = NavigationViewController.h; path = SFBars/Controllers/NavigationViewController.h; sourceTree = "<group>"; };
		82A5C7DA1A63263400D55A54 /* NavigationViewController.m */ = {isa = PBXFileReference; fileEncoding = 4; lastKnownFileType = sourcecode.c.objc; name = NavigationViewController.m; path = SFBars/Controllers/NavigationViewController.m; sourceTree = "<group>"; };
		82A5C7E71A63266100D55A54 /* Bar.h */ = {isa = PBXFileReference; fileEncoding = 4; lastKnownFileType = sourcecode.c.h; name = Bar.h; path = SFBars/Models/Bar.h; sourceTree = "<group>"; };
		82A5C7E81A63266100D55A54 /* Bar.m */ = {isa = PBXFileReference; fileEncoding = 4; lastKnownFileType = sourcecode.c.objc; name = Bar.m; path = SFBars/Models/Bar.m; sourceTree = "<group>"; };
		82A5C7F41A632A1100D55A54 /* MapKit.framework */ = {isa = PBXFileReference; lastKnownFileType = wrapper.framework; name = MapKit.framework; path = System/Library/Frameworks/MapKit.framework; sourceTree = SDKROOT; };
		82A5C7F61A632A1600D55A54 /* iAd.framework */ = {isa = PBXFileReference; lastKnownFileType = wrapper.framework; name = iAd.framework; path = System/Library/Frameworks/iAd.framework; sourceTree = SDKROOT; };
		82A5C7FA1A632B9800D55A54 /* Dashicons.ttf */ = {isa = PBXFileReference; lastKnownFileType = file; name = Dashicons.ttf; path = SFBars/Resources/Fonts/Dashicons.ttf; sourceTree = "<group>"; };
		82A5C7FB1A632B9800D55A54 /* DroidSans-Bold.ttf */ = {isa = PBXFileReference; lastKnownFileType = file; name = "DroidSans-Bold.ttf"; path = "SFBars/Resources/Fonts/DroidSans-Bold.ttf"; sourceTree = "<group>"; };
		82A5C7FC1A632B9800D55A54 /* DroidSans.ttf */ = {isa = PBXFileReference; lastKnownFileType = file; name = DroidSans.ttf; path = SFBars/Resources/Fonts/DroidSans.ttf; sourceTree = "<group>"; };
		82A5C7FD1A632B9800D55A54 /* FontAwesome.ttf */ = {isa = PBXFileReference; lastKnownFileType = file; name = FontAwesome.ttf; path = SFBars/Resources/Fonts/FontAwesome.ttf; sourceTree = "<group>"; };
		82A5C8081A632BD900D55A54 /* LaunchImage-568h@2x.png */ = {isa = PBXFileReference; lastKnownFileType = image.png; name = "LaunchImage-568h@2x.png"; path = "SFBars/Resources/LaunchImage-568h@2x.png"; sourceTree = "<group>"; };
		82BA4C121A70830100E71F40 /* ImageDownloader.h */ = {isa = PBXFileReference; fileEncoding = 4; lastKnownFileType = sourcecode.c.h; name = ImageDownloader.h; path = Common/ImageDownloader.h; sourceTree = "<group>"; };
		82BA4C131A70830100E71F40 /* ImageDownloader.m */ = {isa = PBXFileReference; fileEncoding = 4; lastKnownFileType = sourcecode.c.objc; name = ImageDownloader.m; path = Common/ImageDownloader.m; sourceTree = "<group>"; };
		82BA4C151A70838500E71F40 /* BaseEntity.h */ = {isa = PBXFileReference; fileEncoding = 4; lastKnownFileType = sourcecode.c.h; name = BaseEntity.h; path = SFBars/Models/BaseEntity.h; sourceTree = "<group>"; };
		82BA4C161A70838500E71F40 /* BaseEntity.m */ = {isa = PBXFileReference; fileEncoding = 4; lastKnownFileType = sourcecode.c.objc; name = BaseEntity.m; path = SFBars/Models/BaseEntity.m; sourceTree = "<group>"; };
		82BA4C181A7085B500E71F40 /* SFBars_prefix.pch */ = {isa = PBXFileReference; lastKnownFileType = sourcecode.c.h; path = SFBars_prefix.pch; sourceTree = "<group>"; };
		82BA4C191A70CD8E00E71F40 /* Images.xcassets */ = {isa = PBXFileReference; lastKnownFileType = folder.assetcatalog; name = Images.xcassets; path = SFBars/Images.xcassets; sourceTree = "<group>"; };
		82BB5FEE1A649E55002F5578 /* BarType.h */ = {isa = PBXFileReference; fileEncoding = 4; lastKnownFileType = sourcecode.c.h; name = BarType.h; path = SFBars/Models/BarType.h; sourceTree = "<group>"; };
		82BB5FEF1A649E55002F5578 /* BarType.m */ = {isa = PBXFileReference; fileEncoding = 4; lastKnownFileType = sourcecode.c.objc; name = BarType.m; path = SFBars/Models/BarType.m; sourceTree = "<group>"; };
		82BB60061A64D763002F5578 /* BarViewController.h */ = {isa = PBXFileReference; fileEncoding = 4; lastKnownFileType = sourcecode.c.h; name = BarViewController.h; path = SFBars/Controllers/BarViewController.h; sourceTree = "<group>"; };
		82BB60071A64D763002F5578 /* BarViewController.m */ = {isa = PBXFileReference; fileEncoding = 4; lastKnownFileType = sourcecode.c.objc; name = BarViewController.m; path = SFBars/Controllers/BarViewController.m; sourceTree = "<group>"; };
		82BF8A191A74392800237060 /* BarDetailsViewController.h */ = {isa = PBXFileReference; fileEncoding = 4; lastKnownFileType = sourcecode.c.h; name = BarDetailsViewController.h; path = SFBars/Controllers/BarDetailsViewController.h; sourceTree = "<group>"; };
		82BF8A1C1A7481BE00237060 /* MessageUI.framework */ = {isa = PBXFileReference; lastKnownFileType = wrapper.framework; name = MessageUI.framework; path = System/Library/Frameworks/MessageUI.framework; sourceTree = SDKROOT; };
		82BF8A201A74978C00237060 /* CoreLocation.framework */ = {isa = PBXFileReference; lastKnownFileType = wrapper.framework; name = CoreLocation.framework; path = System/Library/Frameworks/CoreLocation.framework; sourceTree = SDKROOT; };
		82C705F91A75BCAC0045F973 /* MenuViewController.h */ = {isa = PBXFileReference; fileEncoding = 4; lastKnownFileType = sourcecode.c.h; name = MenuViewController.h; path = SFBars/Controllers/MenuViewController.h; sourceTree = "<group>"; };
		82C705FA1A75BCAC0045F973 /* MenuViewController.m */ = {isa = PBXFileReference; fileEncoding = 4; lastKnownFileType = sourcecode.c.objc; name = MenuViewController.m; path = SFBars/Controllers/MenuViewController.m; sourceTree = "<group>"; };
		82CF532C1A7C2E800087F0F5 /* TopListViewController.h */ = {isa = PBXFileReference; fileEncoding = 4; lastKnownFileType = sourcecode.c.h; name = TopListViewController.h; path = SFBars/Controllers/TopListViewController.h; sourceTree = "<group>"; };
		82CF532D1A7C2E800087F0F5 /* TopListViewController.m */ = {isa = PBXFileReference; fileEncoding = 4; lastKnownFileType = sourcecode.c.objc; name = TopListViewController.m; path = SFBars/Controllers/TopListViewController.m; sourceTree = "<group>"; };
		82CF532F1A7C2E9B0087F0F5 /* PartiesViewController.h */ = {isa = PBXFileReference; fileEncoding = 4; lastKnownFileType = sourcecode.c.h; name = PartiesViewController.h; path = SFBars/Controllers/PartiesViewController.h; sourceTree = "<group>"; };
		82CF53301A7C2E9B0087F0F5 /* PartiesViewController.m */ = {isa = PBXFileReference; fileEncoding = 4; lastKnownFileType = sourcecode.c.objc; name = PartiesViewController.m; path = SFBars/Controllers/PartiesViewController.m; sourceTree = "<group>"; };
		82D43C3E1A95687300B4196C /* MusicType.h */ = {isa = PBXFileReference; fileEncoding = 4; lastKnownFileType = sourcecode.c.h; name = MusicType.h; path = SFBars/Models/MusicType.h; sourceTree = "<group>"; };
		82D43C3F1A95687300B4196C /* MusicType.m */ = {isa = PBXFileReference; fileEncoding = 4; lastKnownFileType = sourcecode.c.objc; name = MusicType.m; path = SFBars/Models/MusicType.m; sourceTree = "<group>"; };
		82D43C411A956FBB00B4196C /* MenuItems.json */ = {isa = PBXFileReference; fileEncoding = 4; lastKnownFileType = text.json; name = MenuItems.json; path = SFBars/Resources/MenuItems.json; sourceTree = "<group>"; };
		82D43C431A956FC700B4196C /* BarDetailItems.json */ = {isa = PBXFileReference; fileEncoding = 4; lastKnownFileType = text.json; name = BarDetailItems.json; path = SFBars/Resources/BarDetailItems.json; sourceTree = "<group>"; };
		82D43C4A1A95718700B4196C /* MenuItem.h */ = {isa = PBXFileReference; fileEncoding = 4; lastKnownFileType = sourcecode.c.h; name = MenuItem.h; path = SFBars/Models/MenuItem.h; sourceTree = "<group>"; };
		82D43C4B1A95718700B4196C /* MenuItem.m */ = {isa = PBXFileReference; fileEncoding = 4; lastKnownFileType = sourcecode.c.objc; name = MenuItem.m; path = SFBars/Models/MenuItem.m; sourceTree = "<group>"; };
		82D43C4D1A95722300B4196C /* MusicTypes.json */ = {isa = PBXFileReference; fileEncoding = 4; lastKnownFileType = text.json; name = MusicTypes.json; path = SFBars/Resources/MusicTypes.json; sourceTree = "<group>"; };
		82D43C4F1A95726C00B4196C /* BarDetailItem.h */ = {isa = PBXFileReference; fileEncoding = 4; lastKnownFileType = sourcecode.c.h; name = BarDetailItem.h; path = SFBars/Models/BarDetailItem.h; sourceTree = "<group>"; };
		82D43C501A95726C00B4196C /* BarDetailItem.m */ = {isa = PBXFileReference; fileEncoding = 4; lastKnownFileType = sourcecode.c.objc; name = BarDetailItem.m; path = SFBars/Models/BarDetailItem.m; sourceTree = "<group>"; };
		82D43C521A95739200B4196C /* Districts.json */ = {isa = PBXFileReference; fileEncoding = 4; lastKnownFileType = text.json; name = Districts.json; path = SFBars/Resources/Districts.json; sourceTree = "<group>"; };
		82D43C541A958CAC00B4196C /* BarTypes.json */ = {isa = PBXFileReference; fileEncoding = 4; lastKnownFileType = text.json; name = BarTypes.json; path = SFBars/Resources/BarTypes.json; sourceTree = "<group>"; };
		82D6680C1A86DBB4004B19DB /* BaseViewController.h */ = {isa = PBXFileReference; fileEncoding = 4; lastKnownFileType = sourcecode.c.h; name = BaseViewController.h; path = SFBars/Controllers/BaseViewController.h; sourceTree = "<group>"; };
		82D6680D1A86DBB4004B19DB /* BaseViewController.m */ = {isa = PBXFileReference; fileEncoding = 4; lastKnownFileType = sourcecode.c.objc; name = BaseViewController.m; path = SFBars/Controllers/BaseViewController.m; sourceTree = "<group>"; };
		82D668131A86E0E7004B19DB /* GoogleMaps.framework */ = {isa = PBXFileReference; lastKnownFileType = wrapper.framework; name = GoogleMaps.framework; path = Frameworks/GoogleMaps.framework; sourceTree = SOURCE_ROOT; };
		82D668151A86E133004B19DB /* GoogleMaps.bundle */ = {isa = PBXFileReference; lastKnownFileType = "wrapper.plug-in"; name = GoogleMaps.bundle; path = ../Frameworks/GoogleMaps.framework/Versions/A/Resources/GoogleMaps.bundle; sourceTree = "<group>"; };
		82E8E1921A8DAB1A0042F2C4 /* Enums.h */ = {isa = PBXFileReference; lastKnownFileType = sourcecode.c.h; name = Enums.h; path = Common/Enums.h; sourceTree = "<group>"; };
		82E917351A79B4D7002D610E /* District.h */ = {isa = PBXFileReference; fileEncoding = 4; lastKnownFileType = sourcecode.c.h; name = District.h; path = SFBars/Models/District.h; sourceTree = "<group>"; };
		82E917361A79B4D7002D610E /* District.m */ = {isa = PBXFileReference; fileEncoding = 4; lastKnownFileType = sourcecode.c.objc; name = District.m; path = SFBars/Models/District.m; sourceTree = "<group>"; };
		82E93AAB1A81676A0034F9D6 /* MusicViewController.h */ = {isa = PBXFileReference; fileEncoding = 4; lastKnownFileType = sourcecode.c.h; name = MusicViewController.h; path = SFBars/Controllers/MusicViewController.h; sourceTree = "<group>"; };
		82E93AAC1A81676A0034F9D6 /* MusicViewController.m */ = {isa = PBXFileReference; fileEncoding = 4; lastKnownFileType = sourcecode.c.objc; name = MusicViewController.m; path = SFBars/Controllers/MusicViewController.m; sourceTree = "<group>"; };
		82E93AB21A816D830034F9D6 /* Parties.json */ = {isa = PBXFileReference; fileEncoding = 4; lastKnownFileType = text.json; name = Parties.json; path = SFBars/Resources/Parties.json; sourceTree = "<group>"; };
/* End PBXFileReference section */

/* Begin PBXFrameworksBuildPhase section */
		82A5C77A1A63125C00D55A54 /* Frameworks */ = {
			isa = PBXFrameworksBuildPhase;
			buildActionMask = 2147483647;
			files = (
				82E8E1931A8DAC620042F2C4 /* GoogleMaps.framework in Frameworks */,
				820ABF0C1A8448030022192F /* SystemConfiguration.framework in Frameworks */,
				820ABF0A1A8447F50022192F /* QuartzCore.framework in Frameworks */,
				820ABF081A8447E60022192F /* OpenGLES.framework in Frameworks */,
				820ABF061A8447DD0022192F /* libz.dylib in Frameworks */,
				820ABF041A8447C90022192F /* libicucore.dylib in Frameworks */,
				820ABF021A8447AB0022192F /* libc++.dylib in Frameworks */,
				820ABF001A8447920022192F /* ImageIO.framework in Frameworks */,
				820ABEFE1A8447860022192F /* GLKit.framework in Frameworks */,
				820ABEFC1A8447770022192F /* CoreText.framework in Frameworks */,
				820ABEFA1A84476A0022192F /* CoreData.framework in Frameworks */,
				820ABEF81A84475B0022192F /* AVFoundation.framework in Frameworks */,
				82BF8A211A74978C00237060 /* CoreLocation.framework in Frameworks */,
				82BF8A1D1A7481BE00237060 /* MessageUI.framework in Frameworks */,
				82A5C7F71A632A1600D55A54 /* iAd.framework in Frameworks */,
				82A5C7F51A632A1100D55A54 /* MapKit.framework in Frameworks */,
			);
			runOnlyForDeploymentPostprocessing = 0;
		};
		82A5C7931A63125C00D55A54 /* Frameworks */ = {
			isa = PBXFrameworksBuildPhase;
			buildActionMask = 2147483647;
			files = (
			);
			runOnlyForDeploymentPostprocessing = 0;
		};
/* End PBXFrameworksBuildPhase section */

/* Begin PBXGroup section */
		82A5C7741A63125C00D55A54 = {
			isa = PBXGroup;
			children = (
				82A5C77F1A63125C00D55A54 /* SFBars */,
				82A5C7991A63125C00D55A54 /* SFBarsTests */,
				82A5C80A1A632C1800D55A54 /* Frameworks */,
				82A5C77E1A63125C00D55A54 /* Products */,
			);
			sourceTree = "<group>";
		};
		82A5C77E1A63125C00D55A54 /* Products */ = {
			isa = PBXGroup;
			children = (
				82A5C77D1A63125C00D55A54 /* SFBars.app */,
				82A5C7961A63125C00D55A54 /* SFBarsTests.xctest */,
			);
			name = Products;
			sourceTree = "<group>";
		};
		82A5C77F1A63125C00D55A54 /* SFBars */ = {
			isa = PBXGroup;
			children = (
				82A5C7A91A631F3B00D55A54 /* Common */,
				82A5C7A61A631F0B00D55A54 /* Controllers */,
				82A5C7A71A631F1300D55A54 /* Models */,
				82A5C7AA1A631F9F00D55A54 /* Controls */,
				82A5C7841A63125C00D55A54 /* AppDelegate.h */,
				82A5C7851A63125C00D55A54 /* AppDelegate.m */,
				82A5C7A81A631F2100D55A54 /* Resources */,
				82A5C7801A63125C00D55A54 /* Supporting Files */,
			);
			path = SFBars;
			sourceTree = "<group>";
		};
		82A5C7801A63125C00D55A54 /* Supporting Files */ = {
			isa = PBXGroup;
			children = (
				82A5C7811A63125C00D55A54 /* Info.plist */,
				82A5C7821A63125C00D55A54 /* main.m */,
				82BA4C181A7085B500E71F40 /* SFBars_prefix.pch */,
			);
			name = "Supporting Files";
			sourceTree = "<group>";
		};
		82A5C7991A63125C00D55A54 /* SFBarsTests */ = {
			isa = PBXGroup;
			children = (
				82A5C79C1A63125C00D55A54 /* SFBarsTests.m */,
				82A5C79A1A63125C00D55A54 /* Supporting Files */,
			);
			path = SFBarsTests;
			sourceTree = "<group>";
		};
		82A5C79A1A63125C00D55A54 /* Supporting Files */ = {
			isa = PBXGroup;
			children = (
				82A5C79B1A63125C00D55A54 /* Info.plist */,
			);
			name = "Supporting Files";
			sourceTree = "<group>";
		};
		82A5C7A61A631F0B00D55A54 /* Controllers */ = {
			isa = PBXGroup;
			children = (
				82BF8A191A74392800237060 /* BarDetailsViewController.h */,
				828FE61D1A761B7200D2466D /* BarDetailsViewController.m */,
				828FE6141A761A8B00D2466D /* BrowseViewController.h */,
				828FE6151A761A8B00D2466D /* BrowseViewController.m */,
				82BB60061A64D763002F5578 /* BarViewController.h */,
				82BB60071A64D763002F5578 /* BarViewController.m */,
				82A5C7D51A63263400D55A54 /* BarWebViewController.h */,
				82A5C7D61A63263400D55A54 /* BarWebViewController.m */,
				826D03531A881CBC0051189B /* SearchViewController.h */,
				826D03541A881CBC0051189B /* SearchViewController.m */,
				82A5C7D91A63263400D55A54 /* NavigationViewController.h */,
				82A5C7DA1A63263400D55A54 /* NavigationViewController.m */,
				82C705F91A75BCAC0045F973 /* MenuViewController.h */,
				82C705FA1A75BCAC0045F973 /* MenuViewController.m */,
				828FE61A1A761AB200D2466D /* SettingsViewController.h */,
				828FE61B1A761AB200D2466D /* SettingsViewController.m */,
				82CF532C1A7C2E800087F0F5 /* TopListViewController.h */,
				82CF532D1A7C2E800087F0F5 /* TopListViewController.m */,
				82CF532F1A7C2E9B0087F0F5 /* PartiesViewController.h */,
				82CF53301A7C2E9B0087F0F5 /* PartiesViewController.m */,
				82E93AAB1A81676A0034F9D6 /* MusicViewController.h */,
				82E93AAC1A81676A0034F9D6 /* MusicViewController.m */,
				820ABEEE1A84406E0022192F /* NearMeViewController.h */,
				820ABEEF1A84406E0022192F /* NearMeViewController.m */,
				82D6680C1A86DBB4004B19DB /* BaseViewController.h */,
				82D6680D1A86DBB4004B19DB /* BaseViewController.m */,
			);
			name = Controllers;
			path = ..;
			sourceTree = "<group>";
		};
		82A5C7A71A631F1300D55A54 /* Models */ = {
			isa = PBXGroup;
			children = (
				82A5C7E71A63266100D55A54 /* Bar.h */,
				82A5C7E81A63266100D55A54 /* Bar.m */,
				82E917351A79B4D7002D610E /* District.h */,
				82E917361A79B4D7002D610E /* District.m */,
				82D43C4F1A95726C00B4196C /* BarDetailItem.h */,
				82D43C501A95726C00B4196C /* BarDetailItem.m */,
				82BB5FEE1A649E55002F5578 /* BarType.h */,
				82BB5FEF1A649E55002F5578 /* BarType.m */,
				82D43C4A1A95718700B4196C /* MenuItem.h */,
				82D43C4B1A95718700B4196C /* MenuItem.m */,
				82BA4C151A70838500E71F40 /* BaseEntity.h */,
				82BA4C161A70838500E71F40 /* BaseEntity.m */,
				82D43C3E1A95687300B4196C /* MusicType.h */,
				82D43C3F1A95687300B4196C /* MusicType.m */,
			);
			name = Models;
			path = ..;
			sourceTree = "<group>";
		};
		82A5C7A81A631F2100D55A54 /* Resources */ = {
			isa = PBXGroup;
			children = (
				82D43C411A956FBB00B4196C /* MenuItems.json */,
				82D43C4D1A95722300B4196C /* MusicTypes.json */,
				82D43C521A95739200B4196C /* Districts.json */,
				82D43C541A958CAC00B4196C /* BarTypes.json */,
				82D43C431A956FC700B4196C /* BarDetailItems.json */,
				82A5C7CC1A63250400D55A54 /* LaunchScreen.xib */,
				8291A6C91A7DC0D00060D3FB /* Settings.json */,
				82E93AB21A816D830034F9D6 /* Parties.json */,
				82BA4C191A70CD8E00E71F40 /* Images.xcassets */,
				8291A6CB1A7DC4510060D3FB /* Main.storyboard */,
				82A5C8081A632BD900D55A54 /* LaunchImage-568h@2x.png */,
				82A5C7F91A632B6400D55A54 /* Fonts */,
			);
			name = Resources;
			path = ..;
			sourceTree = "<group>";
		};
		82A5C7A91A631F3B00D55A54 /* Common */ = {
			isa = PBXGroup;
			children = (
				82A5C7C31A631FD500D55A54 /* ConnectionHelper.h */,
				82A5C7C41A631FD500D55A54 /* ConnectionHelper.m */,
				82BA4C121A70830100E71F40 /* ImageDownloader.h */,
				82BA4C131A70830100E71F40 /* ImageDownloader.m */,
				82E8E1921A8DAB1A0042F2C4 /* Enums.h */,
			);
			name = Common;
			sourceTree = "<group>";
		};
		82A5C7AA1A631F9F00D55A54 /* Controls */ = {
			isa = PBXGroup;
			children = (
				82A5C7CF1A63260B00D55A54 /* BarTableViewCell.h */,
				82A5C7D01A63260B00D55A54 /* BarTableViewCell.m */,
				82A5C7D11A63260B00D55A54 /* StreetTableViewCell.h */,
				82A5C7D21A63260B00D55A54 /* StreetTableViewCell.m */,
				8285AE8D1A7C69D4004858FD /* BarDetailHeaderViewCell.h */,
				8285AE8E1A7C69D4004858FD /* BarDetailHeaderViewCell.m */,
				8285AE901A7C69FC004858FD /* BarDetailHeaderViewCell.xib */,
			);
			name = Controls;
			sourceTree = "<group>";
		};
		82A5C7F91A632B6400D55A54 /* Fonts */ = {
			isa = PBXGroup;
			children = (
				820ABF151A847AF20022192F /* glyphicons-halflings-regular.ttf */,
				82A5C7FA1A632B9800D55A54 /* Dashicons.ttf */,
				82A5C7FB1A632B9800D55A54 /* DroidSans-Bold.ttf */,
				82A5C7FC1A632B9800D55A54 /* DroidSans.ttf */,
				82A5C7FD1A632B9800D55A54 /* FontAwesome.ttf */,
			);
			name = Fonts;
			sourceTree = "<group>";
		};
		82A5C80A1A632C1800D55A54 /* Frameworks */ = {
			isa = PBXGroup;
			children = (
				82D668151A86E133004B19DB /* GoogleMaps.bundle */,
				82D668131A86E0E7004B19DB /* GoogleMaps.framework */,
				820ABF0B1A8448030022192F /* SystemConfiguration.framework */,
				820ABF091A8447F50022192F /* QuartzCore.framework */,
				820ABF071A8447E60022192F /* OpenGLES.framework */,
				820ABF051A8447DD0022192F /* libz.dylib */,
				820ABF031A8447C90022192F /* libicucore.dylib */,
				820ABF011A8447AB0022192F /* libc++.dylib */,
				820ABEFF1A8447920022192F /* ImageIO.framework */,
				820ABEFD1A8447860022192F /* GLKit.framework */,
				820ABEFB1A8447770022192F /* CoreText.framework */,
				820ABEF91A84476A0022192F /* CoreData.framework */,
				820ABEF71A84475B0022192F /* AVFoundation.framework */,
				82BF8A201A74978C00237060 /* CoreLocation.framework */,
				82BF8A1C1A7481BE00237060 /* MessageUI.framework */,
				82A5C7F61A632A1600D55A54 /* iAd.framework */,
				82A5C7F41A632A1100D55A54 /* MapKit.framework */,
			);
			name = Frameworks;
			path = SFBars;
			sourceTree = "<group>";
		};
/* End PBXGroup section */

/* Begin PBXNativeTarget section */
		82A5C77C1A63125C00D55A54 /* SFBars */ = {
			isa = PBXNativeTarget;
			buildConfigurationList = 82A5C7A01A63125C00D55A54 /* Build configuration list for PBXNativeTarget "SFBars" */;
			buildPhases = (
				82A5C7791A63125C00D55A54 /* Sources */,
				82A5C77A1A63125C00D55A54 /* Frameworks */,
				82A5C77B1A63125C00D55A54 /* Resources */,
			);
			buildRules = (
			);
			dependencies = (
			);
			name = SFBars;
			productName = SFBars;
			productReference = 82A5C77D1A63125C00D55A54 /* SFBars.app */;
			productType = "com.apple.product-type.application";
		};
		82A5C7951A63125C00D55A54 /* SFBarsTests */ = {
			isa = PBXNativeTarget;
			buildConfigurationList = 82A5C7A31A63125C00D55A54 /* Build configuration list for PBXNativeTarget "SFBarsTests" */;
			buildPhases = (
				82A5C7921A63125C00D55A54 /* Sources */,
				82A5C7931A63125C00D55A54 /* Frameworks */,
				82A5C7941A63125C00D55A54 /* Resources */,
			);
			buildRules = (
			);
			dependencies = (
				82A5C7981A63125C00D55A54 /* PBXTargetDependency */,
			);
			name = SFBarsTests;
			productName = SFBarsTests;
			productReference = 82A5C7961A63125C00D55A54 /* SFBarsTests.xctest */;
			productType = "com.apple.product-type.bundle.unit-test";
		};
/* End PBXNativeTarget section */

/* Begin PBXProject section */
		82A5C7751A63125C00D55A54 /* Project object */ = {
			isa = PBXProject;
			attributes = {
				LastUpgradeCheck = 0610;
				ORGANIZATIONNAME = "JACKIE TRILLO";
				TargetAttributes = {
					82A5C77C1A63125C00D55A54 = {
						CreatedOnToolsVersion = 6.1.1;
					};
					82A5C7951A63125C00D55A54 = {
						CreatedOnToolsVersion = 6.1.1;
						TestTargetID = 82A5C77C1A63125C00D55A54;
					};
				};
			};
			buildConfigurationList = 82A5C7781A63125C00D55A54 /* Build configuration list for PBXProject "SFBars" */;
			compatibilityVersion = "Xcode 3.2";
			developmentRegion = English;
			hasScannedForEncodings = 0;
			knownRegions = (
				en,
				Base,
			);
			mainGroup = 82A5C7741A63125C00D55A54;
			productRefGroup = 82A5C77E1A63125C00D55A54 /* Products */;
			projectDirPath = "";
			projectRoot = "";
			targets = (
				82A5C77C1A63125C00D55A54 /* SFBars */,
				82A5C7951A63125C00D55A54 /* SFBarsTests */,
			);
		};
/* End PBXProject section */

/* Begin PBXResourcesBuildPhase section */
		82A5C77B1A63125C00D55A54 /* Resources */ = {
			isa = PBXResourcesBuildPhase;
			buildActionMask = 2147483647;
			files = (
				82D668161A86E133004B19DB /* GoogleMaps.bundle in Resources */,
				82B828F61A85FE5700F90A33 /* glyphicons-halflings-regular.ttf in Resources */,
				82A5C8021A632B9800D55A54 /* DroidSans-Bold.ttf in Resources */,
				82D43C421A956FBB00B4196C /* MenuItems.json in Resources */,
				82A5C8041A632B9800D55A54 /* FontAwesome.ttf in Resources */,
				82D43C441A956FC700B4196C /* BarDetailItems.json in Resources */,
				82D43C531A95739200B4196C /* Districts.json in Resources */,
				82D43C551A958CAC00B4196C /* BarTypes.json in Resources */,
				8291A6CA1A7DC0D00060D3FB /* Settings.json in Resources */,
				8285AE911A7C69FC004858FD /* BarDetailHeaderViewCell.xib in Resources */,
				82A5C8031A632B9800D55A54 /* DroidSans.ttf in Resources */,
				8291A6CD1A7DC4510060D3FB /* Main.storyboard in Resources */,
				82A5C8011A632B9800D55A54 /* Dashicons.ttf in Resources */,
				82BA4C1A1A70CD8E00E71F40 /* Images.xcassets in Resources */,
				82D43C4E1A95722300B4196C /* MusicTypes.json in Resources */,
				82A5C8091A632BD900D55A54 /* LaunchImage-568h@2x.png in Resources */,
				82E93AB31A816D830034F9D6 /* Parties.json in Resources */,
				82A5C7CE1A63250400D55A54 /* LaunchScreen.xib in Resources */,
			);
			runOnlyForDeploymentPostprocessing = 0;
		};
		82A5C7941A63125C00D55A54 /* Resources */ = {
			isa = PBXResourcesBuildPhase;
			buildActionMask = 2147483647;
			files = (
			);
			runOnlyForDeploymentPostprocessing = 0;
		};
/* End PBXResourcesBuildPhase section */

/* Begin PBXSourcesBuildPhase section */
		82A5C7791A63125C00D55A54 /* Sources */ = {
			isa = PBXSourcesBuildPhase;
			buildActionMask = 2147483647;
			files = (
				8285AE851A7C4B97004858FD /* BarDetailsViewController.m in Sources */,
				82E93AAD1A81676A0034F9D6 /* MusicViewController.m in Sources */,
				82A5C7F81A632A5400D55A54 /* NavigationViewController.m in Sources */,
				82A5C7EB1A63266100D55A54 /* Bar.m in Sources */,
				82A5C7D41A63260B00D55A54 /* StreetTableViewCell.m in Sources */,
				82A5C7861A63125C00D55A54 /* AppDelegate.m in Sources */,
				82D43C511A95726C00B4196C /* BarDetailItem.m in Sources */,
				82CF532E1A7C2E800087F0F5 /* TopListViewController.m in Sources */,
				82D43C4C1A95718700B4196C /* MenuItem.m in Sources */,
				8285AE8F1A7C69D4004858FD /* BarDetailHeaderViewCell.m in Sources */,
				82D6680E1A86DBB4004B19DB /* BaseViewController.m in Sources */,
				82C705FB1A75BCAC0045F973 /* MenuViewController.m in Sources */,
				82BB60081A64D763002F5578 /* BarViewController.m in Sources */,
				82BA4C171A70838500E71F40 /* BaseEntity.m in Sources */,
				826D03551A881CBC0051189B /* SearchViewController.m in Sources */,
				828FE6181A761A8B00D2466D /* BrowseViewController.m in Sources */,
				82A5C7E11A63263400D55A54 /* BarWebViewController.m in Sources */,
				82D43C401A95687300B4196C /* MusicType.m in Sources */,
				82BB5FF01A649E55002F5578 /* BarType.m in Sources */,
				82A5C7D31A63260B00D55A54 /* BarTableViewCell.m in Sources */,
				82E917371A79B4D7002D610E /* District.m in Sources */,
				82A5C7C51A631FD500D55A54 /* ConnectionHelper.m in Sources */,
				828FE61C1A761AB200D2466D /* SettingsViewController.m in Sources */,
				82CF53311A7C2E9B0087F0F5 /* PartiesViewController.m in Sources */,
				82A5C7831A63125C00D55A54 /* main.m in Sources */,
				82BA4C141A70830100E71F40 /* ImageDownloader.m in Sources */,
				820ABEF01A84406E0022192F /* NearMeViewController.m in Sources */,
			);
			runOnlyForDeploymentPostprocessing = 0;
		};
		82A5C7921A63125C00D55A54 /* Sources */ = {
			isa = PBXSourcesBuildPhase;
			buildActionMask = 2147483647;
			files = (
				82A5C79D1A63125C00D55A54 /* SFBarsTests.m in Sources */,
			);
			runOnlyForDeploymentPostprocessing = 0;
		};
/* End PBXSourcesBuildPhase section */

/* Begin PBXTargetDependency section */
		82A5C7981A63125C00D55A54 /* PBXTargetDependency */ = {
			isa = PBXTargetDependency;
			target = 82A5C77C1A63125C00D55A54 /* SFBars */;
			targetProxy = 82A5C7971A63125C00D55A54 /* PBXContainerItemProxy */;
		};
/* End PBXTargetDependency section */

/* Begin PBXVariantGroup section */
		8291A6CB1A7DC4510060D3FB /* Main.storyboard */ = {
			isa = PBXVariantGroup;
			children = (
				8291A6CC1A7DC4510060D3FB /* Base */,
			);
			name = Main.storyboard;
			sourceTree = "<group>";
		};
		82A5C7CC1A63250400D55A54 /* LaunchScreen.xib */ = {
			isa = PBXVariantGroup;
			children = (
				82A5C7CD1A63250400D55A54 /* Base */,
			);
			name = LaunchScreen.xib;
			path = SFBars;
			sourceTree = "<group>";
		};
/* End PBXVariantGroup section */

/* Begin XCBuildConfiguration section */
		82A5C79E1A63125C00D55A54 /* Debug */ = {
			isa = XCBuildConfiguration;
			buildSettings = {
				ALWAYS_SEARCH_USER_PATHS = NO;
				CLANG_CXX_LANGUAGE_STANDARD = "gnu++0x";
				CLANG_CXX_LIBRARY = "libc++";
				CLANG_ENABLE_MODULES = YES;
				CLANG_ENABLE_OBJC_ARC = YES;
				CLANG_WARN_BOOL_CONVERSION = YES;
				CLANG_WARN_CONSTANT_CONVERSION = YES;
				CLANG_WARN_DIRECT_OBJC_ISA_USAGE = YES_ERROR;
				CLANG_WARN_EMPTY_BODY = YES;
				CLANG_WARN_ENUM_CONVERSION = YES;
				CLANG_WARN_INT_CONVERSION = YES;
				CLANG_WARN_OBJC_ROOT_CLASS = YES_ERROR;
				CLANG_WARN_UNREACHABLE_CODE = YES;
				CLANG_WARN__DUPLICATE_METHOD_MATCH = YES;
				"CODE_SIGN_IDENTITY[sdk=iphoneos*]" = "iPhone Developer";
				COPY_PHASE_STRIP = NO;
				ENABLE_STRICT_OBJC_MSGSEND = YES;
				GCC_C_LANGUAGE_STANDARD = gnu99;
				GCC_DYNAMIC_NO_PIC = NO;
				GCC_OPTIMIZATION_LEVEL = 0;
				GCC_PREPROCESSOR_DEFINITIONS = (
					"DEBUG=1",
					"$(inherited)",
				);
				GCC_SYMBOLS_PRIVATE_EXTERN = NO;
				GCC_WARN_64_TO_32_BIT_CONVERSION = YES;
				GCC_WARN_ABOUT_RETURN_TYPE = YES_ERROR;
				GCC_WARN_UNDECLARED_SELECTOR = YES;
				GCC_WARN_UNINITIALIZED_AUTOS = YES_AGGRESSIVE;
				GCC_WARN_UNUSED_FUNCTION = YES;
				GCC_WARN_UNUSED_VARIABLE = YES;
				IPHONEOS_DEPLOYMENT_TARGET = 8.1;
				MTL_ENABLE_DEBUG_INFO = YES;
				ONLY_ACTIVE_ARCH = YES;
				OTHER_LDFLAGS = "-ObjC";
				SDKROOT = iphoneos;
			};
			name = Debug;
		};
		82A5C79F1A63125C00D55A54 /* Release */ = {
			isa = XCBuildConfiguration;
			buildSettings = {
				ALWAYS_SEARCH_USER_PATHS = NO;
				CLANG_CXX_LANGUAGE_STANDARD = "gnu++0x";
				CLANG_CXX_LIBRARY = "libc++";
				CLANG_ENABLE_MODULES = YES;
				CLANG_ENABLE_OBJC_ARC = YES;
				CLANG_WARN_BOOL_CONVERSION = YES;
				CLANG_WARN_CONSTANT_CONVERSION = YES;
				CLANG_WARN_DIRECT_OBJC_ISA_USAGE = YES_ERROR;
				CLANG_WARN_EMPTY_BODY = YES;
				CLANG_WARN_ENUM_CONVERSION = YES;
				CLANG_WARN_INT_CONVERSION = YES;
				CLANG_WARN_OBJC_ROOT_CLASS = YES_ERROR;
				CLANG_WARN_UNREACHABLE_CODE = YES;
				CLANG_WARN__DUPLICATE_METHOD_MATCH = YES;
				"CODE_SIGN_IDENTITY[sdk=iphoneos*]" = "iPhone Developer";
				COPY_PHASE_STRIP = YES;
				ENABLE_NS_ASSERTIONS = NO;
				ENABLE_STRICT_OBJC_MSGSEND = YES;
				GCC_C_LANGUAGE_STANDARD = gnu99;
				GCC_WARN_64_TO_32_BIT_CONVERSION = YES;
				GCC_WARN_ABOUT_RETURN_TYPE = YES_ERROR;
				GCC_WARN_UNDECLARED_SELECTOR = YES;
				GCC_WARN_UNINITIALIZED_AUTOS = YES_AGGRESSIVE;
				GCC_WARN_UNUSED_FUNCTION = YES;
				GCC_WARN_UNUSED_VARIABLE = YES;
				IPHONEOS_DEPLOYMENT_TARGET = 8.1;
				MTL_ENABLE_DEBUG_INFO = NO;
				OTHER_LDFLAGS = "-ObjC";
				SDKROOT = iphoneos;
				VALIDATE_PRODUCT = YES;
			};
			name = Release;
		};
		82A5C7A11A63125C00D55A54 /* Debug */ = {
			isa = XCBuildConfiguration;
			buildSettings = {
				ASSETCATALOG_COMPILER_APPICON_NAME = AppIcon;
				FRAMEWORK_SEARCH_PATHS = (
					"$(inherited)",
					"$(PROJECT_DIR)/Frameworks/GoogleMaps-iOS-1.9.1",
					"$(PROJECT_DIR)/SFBars",
					"$(PROJECT_DIR)/SFBars/Frameworks",
					"/Users/jackietrillo/code/Common/Frameworks/GoogleMaps-iOS-1.9.1",
					"$(PROJECT_DIR)/Frameworks",
				);
				INFOPLIST_FILE = SFBars/Info.plist;
				LD_RUNPATH_SEARCH_PATHS = "$(inherited) @executable_path/Frameworks";
				PRODUCT_NAME = "$(TARGET_NAME)";
			};
			name = Debug;
		};
		82A5C7A21A63125C00D55A54 /* Release */ = {
			isa = XCBuildConfiguration;
			buildSettings = {
				ASSETCATALOG_COMPILER_APPICON_NAME = AppIcon;
				FRAMEWORK_SEARCH_PATHS = (
					"$(inherited)",
					"$(PROJECT_DIR)/Frameworks/GoogleMaps-iOS-1.9.1",
					"$(PROJECT_DIR)/SFBars",
					"$(PROJECT_DIR)/SFBars/Frameworks",
					"/Users/jackietrillo/code/Common/Frameworks/GoogleMaps-iOS-1.9.1",
					"$(PROJECT_DIR)/Frameworks",
				);
				INFOPLIST_FILE = SFBars/Info.plist;
				LD_RUNPATH_SEARCH_PATHS = "$(inherited) @executable_path/Frameworks";
				PRODUCT_NAME = "$(TARGET_NAME)";
			};
			name = Release;
		};
		82A5C7A41A63125C00D55A54 /* Debug */ = {
			isa = XCBuildConfiguration;
			buildSettings = {
				BUNDLE_LOADER = "$(TEST_HOST)";
				FRAMEWORK_SEARCH_PATHS = (
					"$(SDKROOT)/Developer/Library/Frameworks",
					"$(inherited)",
				);
				GCC_PREPROCESSOR_DEFINITIONS = (
					"DEBUG=1",
					"$(inherited)",
				);
				INFOPLIST_FILE = SFBarsTests/Info.plist;
				LD_RUNPATH_SEARCH_PATHS = "$(inherited) @executable_path/Frameworks @loader_path/Frameworks";
				PRODUCT_NAME = "$(TARGET_NAME)";
				TEST_HOST = "$(BUILT_PRODUCTS_DIR)/SFBars.app/SFBars";
			};
			name = Debug;
		};
		82A5C7A51A63125C00D55A54 /* Release */ = {
			isa = XCBuildConfiguration;
			buildSettings = {
				BUNDLE_LOADER = "$(TEST_HOST)";
				FRAMEWORK_SEARCH_PATHS = (
					"$(SDKROOT)/Developer/Library/Frameworks",
					"$(inherited)",
				);
				INFOPLIST_FILE = SFBarsTests/Info.plist;
				LD_RUNPATH_SEARCH_PATHS = "$(inherited) @executable_path/Frameworks @loader_path/Frameworks";
				PRODUCT_NAME = "$(TARGET_NAME)";
				TEST_HOST = "$(BUILT_PRODUCTS_DIR)/SFBars.app/SFBars";
			};
			name = Release;
		};
/* End XCBuildConfiguration section */

/* Begin XCConfigurationList section */
		82A5C7781A63125C00D55A54 /* Build configuration list for PBXProject "SFBars" */ = {
			isa = XCConfigurationList;
			buildConfigurations = (
				82A5C79E1A63125C00D55A54 /* Debug */,
				82A5C79F1A63125C00D55A54 /* Release */,
			);
			defaultConfigurationIsVisible = 0;
			defaultConfigurationName = Release;
		};
		82A5C7A01A63125C00D55A54 /* Build configuration list for PBXNativeTarget "SFBars" */ = {
			isa = XCConfigurationList;
			buildConfigurations = (
				82A5C7A11A63125C00D55A54 /* Debug */,
				82A5C7A21A63125C00D55A54 /* Release */,
			);
			defaultConfigurationIsVisible = 0;
			defaultConfigurationName = Release;
		};
		82A5C7A31A63125C00D55A54 /* Build configuration list for PBXNativeTarget "SFBarsTests" */ = {
			isa = XCConfigurationList;
			buildConfigurations = (
				82A5C7A41A63125C00D55A54 /* Debug */,
				82A5C7A51A63125C00D55A54 /* Release */,
			);
			defaultConfigurationIsVisible = 0;
			defaultConfigurationName = Release;
		};
/* End XCConfigurationList section */
	};
	rootObject = 82A5C7751A63125C00D55A54 /* Project object */;
}
